
Microsoft Visual Studio Solution File, Format Version 12.00
# Visual Studio Version 17
VisualStudioVersion = 17.0.31903.59
MinimumVisualStudioVersion = 10.0.40219.1
Project("{2150E333-8FDC-42A3-9474-1A3956D46DE8}") = "Source", "Source", "{AC179941-AB90-4FE2-97EE-601C382F5A55}"
EndProject
Project("{FAE04EC0-301F-11D3-BF4B-00C04F79EFBC}") = "Padutronics.Wpf.DependencyInjection", "Source\Padutronics.Wpf.DependencyInjection\Padutronics.Wpf.DependencyInjection.csproj", "{C77EDBB1-95FD-4052-9AD7-EBAAF400326C}"
EndProject
Global
	GlobalSection(SolutionConfigurationPlatforms) = preSolution
		Debug|Any CPU = Debug|Any CPU
		Release|Any CPU = Release|Any CPU
	EndGlobalSection
	GlobalSection(SolutionProperties) = preSolution
		HideSolutionNode = FALSE
	EndGlobalSection
	GlobalSection(ProjectConfigurationPlatforms) = postSolution
		{C77EDBB1-95FD-4052-9AD7-EBAAF400326C}.Debug|Any CPU.ActiveCfg = Debug|Any CPU
		{C77EDBB1-95FD-4052-9AD7-EBAAF400326C}.Debug|Any CPU.Build.0 = Debug|Any CPU
		{C77EDBB1-95FD-4052-9AD7-EBAAF400326C}.Release|Any CPU.ActiveCfg = Release|Any CPU
		{C77EDBB1-95FD-4052-9AD7-EBAAF400326C}.Release|Any CPU.Build.0 = Release|Any CPU
	EndGlobalSection
	GlobalSection(NestedProjects) = preSolution
		{C77EDBB1-95FD-4052-9AD7-EBAAF400326C} = {AC179941-AB90-4FE2-97EE-601C382F5A55}
	EndGlobalSection
EndGlobal
